<?xml version="1.0" encoding="utf-8"?>
<Project ToolsVersion="4.0" xmlns="http://schemas.microsoft.com/developer/msbuild/2003">
  <ItemGroup>
    <Filter Include="Source Files"><UniqueIdentifier>{79A23D6B-E2EB-4B47-9322-54AB4120DE53}</UniqueIdentifier></Filter>
    <Filter Include="Header Files"><UniqueIdentifier>{72C8EF3B-3C8C-471C-913F-6327B062359B}</UniqueIdentifier></Filter>
    <Filter Include="Driver Files"><UniqueIdentifier>{685A1D5F-53C9-4F03-BD31-B33EF42EFED6}</UniqueIdentifier></Filter>
  </ItemGroup>
  <ItemGroup>
    <ClCompile Include="src\control.c"><Filter>Source Files</Filter></ClCompile>
    <ClCompile Include="src\driver.c"><Filter>Source Files</Filter></ClCompile>
    <ClInclude Include="include\uf_processfilter_protocol.h"><Filter>Header Files</Filter></ClInclude>
    <ClInclude Include="src\driver.h"><Filter>Header Files</Filter></ClInclude>
    <Inf Include="UF_ProcessFilterFactory.inf"><Filter>Driver Files</Filter></Inf>
  </ItemGroup>
</Project>
