<?xml version="1.0" encoding="utf-8"?>
<Project ToolsVersion="4.0" xmlns="http://schemas.microsoft.com/developer/msbuild/2003">
  <ItemGroup>
    <Filter Include="Source Files"><UniqueIdentifier>{E5ED4695-7B48-4EC2-843E-9B76CC96DB70}</UniqueIdentifier></Filter>
  </ItemGroup>
  <ItemGroup>
    <ClCompile Include="src\main.c"><Filter>Source Files</Filter></ClCompile>
  </ItemGroup>
</Project>
